PODS:
  - CardIO (5.4.1)
  - PayPal-iOS-SDK (2.18.1):
    - PayPal-iOS-SDK/CardIO (= 2.18.1)
    - PayPal-iOS-SDK/Core (= 2.18.1)
  - PayPal-iOS-SDK/CardIO (2.18.1):
    - CardIO (~> 5.4.1)
  - PayPal-iOS-SDK/Core (2.18.1)

DEPENDENCIES:
  - PayPal-iOS-SDK (~> 2.15)

SPEC REPOS:
  trunk:
    - CardIO
    - PayPal-iOS-SDK

SPEC CHECKSUMS:
  CardIO: 56983b39b62f495fc6dae9ad7cf875143df06443
  PayPal-iOS-SDK: 70d56697aef502c130b9840e31dea5c6b8a350e1

PODFILE CHECKSUM: ecb2f78dd53e273cd104d75def4463e3e5c70869

COCOAPODS: 1.9.3
